
Microsoft Visual Studio Solution File, Format Version 12.00
# Visual Studio Version 16
VisualStudioVersion = 16.0.31624.102
MinimumVisualStudioVersion = 10.0.40219.1
Project("{2150E333-8FDC-42A3-9474-1A3956D46DE8}") = "Libraries", "Libraries", "{7BD8AF32-BF68-493F-9268-6BA495D608F7}"
EndProject
Project("{9A19103F-16F7-4668-BE54-9A1E7A4F7556}") = "Ca.Core", "Libraries\Ca.Core\Ca.Core.csproj", "{E582AC87-FBDE-440A-9C7A-0EE7D01D6130}"
EndProject
Project("{9A19103F-16F7-4668-BE54-9A1E7A4F7556}") = "Ca.Data", "Libraries\Ca.Data\Ca.Data.csproj", "{7DD343CD-AA29-4DB7-A4DD-2810994A0222}"
EndProject
Project("{9A19103F-16F7-4668-BE54-9A1E7A4F7556}") = "Ca.Services", "Libraries\Ca.Services\Ca.Services.csproj", "{44251069-1440-4E16-9EE2-9D6E0616070D}"
EndProject
Project("{9A19103F-16F7-4668-BE54-9A1E7A4F7556}") = "Ca.SharedKernel", "Libraries\Ca.SharedKernel\Ca.SharedKernel.csproj", "{63D86194-F499-42FA-BE12-B2DDDF5E517C}"
EndProject
Project("{2150E333-8FDC-42A3-9474-1A3956D46DE8}") = "Tests", "Tests", "{E7931C28-3F68-4D74-80F2-8E71DE41A260}"
EndProject
Project("{9A19103F-16F7-4668-BE54-9A1E7A4F7556}") = "Ca.UnitTests", "Tests\Ca.UnitTests\Ca.UnitTests.csproj", "{52B10E2D-C753-40F6-B321-99EC581AB55E}"
EndProject
Project("{FAE04EC0-301F-11D3-BF4B-00C04F79EFBC}") = "Ca.WebApi", "WebAPI\Ca.WebApi\Ca.WebApi.csproj", "{405969FF-4AB1-4E51-93BC-B38768EFA597}"
EndProject
Global
	GlobalSection(SolutionConfigurationPlatforms) = preSolution
		Debug|Any CPU = Debug|Any CPU
		Release|Any CPU = Release|Any CPU
	EndGlobalSection
	GlobalSection(ProjectConfigurationPlatforms) = postSolution
		{E582AC87-FBDE-440A-9C7A-0EE7D01D6130}.Debug|Any CPU.ActiveCfg = Debug|Any CPU
		{E582AC87-FBDE-440A-9C7A-0EE7D01D6130}.Debug|Any CPU.Build.0 = Debug|Any CPU
		{E582AC87-FBDE-440A-9C7A-0EE7D01D6130}.Release|Any CPU.ActiveCfg = Release|Any CPU
		{E582AC87-FBDE-440A-9C7A-0EE7D01D6130}.Release|Any CPU.Build.0 = Release|Any CPU
		{7DD343CD-AA29-4DB7-A4DD-2810994A0222}.Debug|Any CPU.ActiveCfg = Debug|Any CPU
		{7DD343CD-AA29-4DB7-A4DD-2810994A0222}.Debug|Any CPU.Build.0 = Debug|Any CPU
		{7DD343CD-AA29-4DB7-A4DD-2810994A0222}.Release|Any CPU.ActiveCfg = Release|Any CPU
		{7DD343CD-AA29-4DB7-A4DD-2810994A0222}.Release|Any CPU.Build.0 = Release|Any CPU
		{44251069-1440-4E16-9EE2-9D6E0616070D}.Debug|Any CPU.ActiveCfg = Debug|Any CPU
		{44251069-1440-4E16-9EE2-9D6E0616070D}.Debug|Any CPU.Build.0 = Debug|Any CPU
		{44251069-1440-4E16-9EE2-9D6E0616070D}.Release|Any CPU.ActiveCfg = Release|Any CPU
		{44251069-1440-4E16-9EE2-9D6E0616070D}.Release|Any CPU.Build.0 = Release|Any CPU
		{63D86194-F499-42FA-BE12-B2DDDF5E517C}.Debug|Any CPU.ActiveCfg = Debug|Any CPU
		{63D86194-F499-42FA-BE12-B2DDDF5E517C}.Debug|Any CPU.Build.0 = Debug|Any CPU
		{63D86194-F499-42FA-BE12-B2DDDF5E517C}.Release|Any CPU.ActiveCfg = Release|Any CPU
		{63D86194-F499-42FA-BE12-B2DDDF5E517C}.Release|Any CPU.Build.0 = Release|Any CPU
		{52B10E2D-C753-40F6-B321-99EC581AB55E}.Debug|Any CPU.ActiveCfg = Debug|Any CPU
		{52B10E2D-C753-40F6-B321-99EC581AB55E}.Debug|Any CPU.Build.0 = Debug|Any CPU
		{52B10E2D-C753-40F6-B321-99EC581AB55E}.Release|Any CPU.ActiveCfg = Release|Any CPU
		{52B10E2D-C753-40F6-B321-99EC581AB55E}.Release|Any CPU.Build.0 = Release|Any CPU
		{405969FF-4AB1-4E51-93BC-B38768EFA597}.Debug|Any CPU.ActiveCfg = Debug|Any CPU
		{405969FF-4AB1-4E51-93BC-B38768EFA597}.Debug|Any CPU.Build.0 = Debug|Any CPU
		{405969FF-4AB1-4E51-93BC-B38768EFA597}.Release|Any CPU.ActiveCfg = Release|Any CPU
		{405969FF-4AB1-4E51-93BC-B38768EFA597}.Release|Any CPU.Build.0 = Release|Any CPU
	EndGlobalSection
	GlobalSection(SolutionProperties) = preSolution
		HideSolutionNode = FALSE
	EndGlobalSection
	GlobalSection(NestedProjects) = preSolution
		{E582AC87-FBDE-440A-9C7A-0EE7D01D6130} = {7BD8AF32-BF68-493F-9268-6BA495D608F7}
		{7DD343CD-AA29-4DB7-A4DD-2810994A0222} = {7BD8AF32-BF68-493F-9268-6BA495D608F7}
		{44251069-1440-4E16-9EE2-9D6E0616070D} = {7BD8AF32-BF68-493F-9268-6BA495D608F7}
		{63D86194-F499-42FA-BE12-B2DDDF5E517C} = {7BD8AF32-BF68-493F-9268-6BA495D608F7}
		{52B10E2D-C753-40F6-B321-99EC581AB55E} = {E7931C28-3F68-4D74-80F2-8E71DE41A260}
	EndGlobalSection
	GlobalSection(ExtensibilityGlobals) = postSolution
		SolutionGuid = {0D0698CE-5420-48BF-97D3-314279D5CC5F}
	EndGlobalSection
EndGlobal
